
Microsoft Visual Studio Solution File, Format Version 11.00
# Visual Studio 2010
Project("{8BC9CEB8-8B4A-11D0-8D11-00A0C91BC942}") = "扫雷多选项", "扫雷多选项\扫雷多选项.vcxproj", "{26A85267-E715-4DCF-9947-E48385129FC7}"
EndProject
Global
	GlobalSection(SolutionConfigurationPlatforms) = preSolution
		Debug|Win32 = Debug|Win32
		Release|Win32 = Release|Win32
	EndGlobalSection
	GlobalSection(ProjectConfigurationPlatforms) = postSolution
		{26A85267-E715-4DCF-9947-E48385129FC7}.Debug|Win32.ActiveCfg = Debug|Win32
		{26A85267-E715-4DCF-9947-E48385129FC7}.Debug|Win32.Build.0 = Debug|Win32
		{26A85267-E715-4DCF-9947-E48385129FC7}.Release|Win32.ActiveCfg = Release|Win32
		{26A85267-E715-4DCF-9947-E48385129FC7}.Release|Win32.Build.0 = Release|Win32
	EndGlobalSection
	GlobalSection(SolutionProperties) = preSolution
		HideSolutionNode = FALSE
	EndGlobalSection
EndGlobal
